
Microsoft Visual Studio Solution File, Format Version 12.00
# Visual Studio 15
VisualStudioVersion = 15.0.27703.2026
MinimumVisualStudioVersion = 10.0.40219.1
Project("{9A19103F-16F7-4668-BE54-9A1E7A4F7556}") = "FitLife", "FitLife\FitLife.csproj", "{FDB4DE9A-AD3C-4D86-9855-B9C9DDC8893B}"
EndProject
Global
	GlobalSection(SolutionConfigurationPlatforms) = preSolution
		Debug|Any CPU = Debug|Any CPU
		Release|Any CPU = Release|Any CPU
	EndGlobalSection
	GlobalSection(ProjectConfigurationPlatforms) = postSolution
		{FDB4DE9A-AD3C-4D86-9855-B9C9DDC8893B}.Debug|Any CPU.ActiveCfg = Debug|Any CPU
		{FDB4DE9A-AD3C-4D86-9855-B9C9DDC8893B}.Debug|Any CPU.Build.0 = Debug|Any CPU
		{FDB4DE9A-AD3C-4D86-9855-B9C9DDC8893B}.Release|Any CPU.ActiveCfg = Release|Any CPU
		{FDB4DE9A-AD3C-4D86-9855-B9C9DDC8893B}.Release|Any CPU.Build.0 = Release|Any CPU
	EndGlobalSection
	GlobalSection(SolutionProperties) = preSolution
		HideSolutionNode = FALSE
	EndGlobalSection
	GlobalSection(ExtensibilityGlobals) = postSolution
		SolutionGuid = {F3E3D8B6-D1CB-43B4-9B57-FAE82FB1B7C7}
	EndGlobalSection
EndGlobal
